
Microsoft Visual Studio Solution File, Format Version 12.00
# Visual Studio Version 17
VisualStudioVersion = 17.3.32825.248
MinimumVisualStudioVersion = 10.0.40219.1
Project("{9A19103F-16F7-4668-BE54-9A1E7A4F7556}") = "ConsoleApp_Class", "ConsoleApp_Class\ConsoleApp_Class.csproj", "{54246E92-61BC-439C-899A-7D046B64C4A8}"
EndProject
Project("{FAE04EC0-301F-11D3-BF4B-00C04F79EFBC}") = "StaticClass", "StaticClass\StaticClass.csproj", "{BC3BA02E-7087-4FCE-B648-36ECA3A58F7A}"
EndProject
Global
	GlobalSection(SolutionConfigurationPlatforms) = preSolution
		Debug|Any CPU = Debug|Any CPU
		Release|Any CPU = Release|Any CPU
	EndGlobalSection
	GlobalSection(ProjectConfigurationPlatforms) = postSolution
		{54246E92-61BC-439C-899A-7D046B64C4A8}.Debug|Any CPU.ActiveCfg = Debug|Any CPU
		{54246E92-61BC-439C-899A-7D046B64C4A8}.Debug|Any CPU.Build.0 = Debug|Any CPU
		{54246E92-61BC-439C-899A-7D046B64C4A8}.Release|Any CPU.ActiveCfg = Release|Any CPU
		{54246E92-61BC-439C-899A-7D046B64C4A8}.Release|Any CPU.Build.0 = Release|Any CPU
		{BC3BA02E-7087-4FCE-B648-36ECA3A58F7A}.Debug|Any CPU.ActiveCfg = Debug|Any CPU
		{BC3BA02E-7087-4FCE-B648-36ECA3A58F7A}.Debug|Any CPU.Build.0 = Debug|Any CPU
		{BC3BA02E-7087-4FCE-B648-36ECA3A58F7A}.Release|Any CPU.ActiveCfg = Release|Any CPU
		{BC3BA02E-7087-4FCE-B648-36ECA3A58F7A}.Release|Any CPU.Build.0 = Release|Any CPU
	EndGlobalSection
	GlobalSection(SolutionProperties) = preSolution
		HideSolutionNode = FALSE
	EndGlobalSection
	GlobalSection(ExtensibilityGlobals) = postSolution
		SolutionGuid = {6E87110D-7C76-4FD5-B9E6-E20F634A8634}
	EndGlobalSection
EndGlobal
