
Microsoft Visual Studio Solution File, Format Version 12.00
# Visual Studio Version 17
VisualStudioVersion = 17.3.32825.248
MinimumVisualStudioVersion = 10.0.40219.1
Project("{FAE04EC0-301F-11D3-BF4B-00C04F79EFBC}") = "ExceptionHandling", "ExceptionHandling\ExceptionHandling.csproj", "{87AF0641-5EAB-4894-A75B-08DE1C38C32E}"
EndProject
Global
	GlobalSection(SolutionConfigurationPlatforms) = preSolution
		Debug|Any CPU = Debug|Any CPU
		Release|Any CPU = Release|Any CPU
	EndGlobalSection
	GlobalSection(ProjectConfigurationPlatforms) = postSolution
		{87AF0641-5EAB-4894-A75B-08DE1C38C32E}.Debug|Any CPU.ActiveCfg = Debug|Any CPU
		{87AF0641-5EAB-4894-A75B-08DE1C38C32E}.Debug|Any CPU.Build.0 = Debug|Any CPU
		{87AF0641-5EAB-4894-A75B-08DE1C38C32E}.Release|Any CPU.ActiveCfg = Release|Any CPU
		{87AF0641-5EAB-4894-A75B-08DE1C38C32E}.Release|Any CPU.Build.0 = Release|Any CPU
	EndGlobalSection
	GlobalSection(SolutionProperties) = preSolution
		HideSolutionNode = FALSE
	EndGlobalSection
	GlobalSection(ExtensibilityGlobals) = postSolution
		SolutionGuid = {2F0E320F-E60D-4815-BF80-16B2E0D331FC}
	EndGlobalSection
EndGlobal
