
Microsoft Visual Studio Solution File, Format Version 12.00
# Visual Studio Version 17
VisualStudioVersion = 17.3.32825.248
MinimumVisualStudioVersion = 10.0.40219.1
Project("{FAE04EC0-301F-11D3-BF4B-00C04F79EFBC}") = "Collections_Non_generic_Exp", "Collections_Exp\Collections_Non_generic_Exp.csproj", "{ACE0BB55-2A03-4D41-9EA8-E9F1203D32C0}"
EndProject
Project("{FAE04EC0-301F-11D3-BF4B-00C04F79EFBC}") = "Generic_collect", "Generic_collect\Generic_collect.csproj", "{81ED127C-4E16-4EC5-B224-5B1C63623BB2}"
EndProject
Global
	GlobalSection(SolutionConfigurationPlatforms) = preSolution
		Debug|Any CPU = Debug|Any CPU
		Release|Any CPU = Release|Any CPU
	EndGlobalSection
	GlobalSection(ProjectConfigurationPlatforms) = postSolution
		{ACE0BB55-2A03-4D41-9EA8-E9F1203D32C0}.Debug|Any CPU.ActiveCfg = Debug|Any CPU
		{ACE0BB55-2A03-4D41-9EA8-E9F1203D32C0}.Debug|Any CPU.Build.0 = Debug|Any CPU
		{ACE0BB55-2A03-4D41-9EA8-E9F1203D32C0}.Release|Any CPU.ActiveCfg = Release|Any CPU
		{ACE0BB55-2A03-4D41-9EA8-E9F1203D32C0}.Release|Any CPU.Build.0 = Release|Any CPU
		{81ED127C-4E16-4EC5-B224-5B1C63623BB2}.Debug|Any CPU.ActiveCfg = Debug|Any CPU
		{81ED127C-4E16-4EC5-B224-5B1C63623BB2}.Debug|Any CPU.Build.0 = Debug|Any CPU
		{81ED127C-4E16-4EC5-B224-5B1C63623BB2}.Release|Any CPU.ActiveCfg = Release|Any CPU
		{81ED127C-4E16-4EC5-B224-5B1C63623BB2}.Release|Any CPU.Build.0 = Release|Any CPU
	EndGlobalSection
	GlobalSection(SolutionProperties) = preSolution
		HideSolutionNode = FALSE
	EndGlobalSection
	GlobalSection(ExtensibilityGlobals) = postSolution
		SolutionGuid = {64A77475-E469-4EE2-96FB-BEE1302B3134}
	EndGlobalSection
EndGlobal
